
Microsoft Visual Studio Solution File, Format Version 12.00
# Visual Studio 15
VisualStudioVersion = 15.0.26124.0
MinimumVisualStudioVersion = 15.0.26124.0
Project("{9A19103F-16F7-4668-BE54-9A1E7A4F7556}") = "RemoteWorker", "remoteWorker\RemoteWorker.csproj", "{11213FAC-4059-4922-93AC-E9DB41D50078}"
EndProject
Project("{FAE04EC0-301F-11D3-BF4B-00C04F79EFBC}") = "Shared", "Shared\Shared.csproj", "{8CA43DC2-E249-461E-ADAE-D2769B145724}"
EndProject
Project("{FAE04EC0-301F-11D3-BF4B-00C04F79EFBC}") = "AkkaFractal", "AkkaFractal\AkkaFractal.csproj", "{7E710443-151C-4F50-8169-68F19DFDCBAC}"
EndProject
Global
	GlobalSection(SolutionConfigurationPlatforms) = preSolution
		Debug|Any CPU = Debug|Any CPU
		Debug|x64 = Debug|x64
		Debug|x86 = Debug|x86
		Release|Any CPU = Release|Any CPU
		Release|x64 = Release|x64
		Release|x86 = Release|x86
	EndGlobalSection
	GlobalSection(ProjectConfigurationPlatforms) = postSolution
		{11213FAC-4059-4922-93AC-E9DB41D50078}.Debug|Any CPU.ActiveCfg = Debug|Any CPU
		{11213FAC-4059-4922-93AC-E9DB41D50078}.Debug|Any CPU.Build.0 = Debug|Any CPU
		{11213FAC-4059-4922-93AC-E9DB41D50078}.Debug|x64.ActiveCfg = Debug|Any CPU
		{11213FAC-4059-4922-93AC-E9DB41D50078}.Debug|x64.Build.0 = Debug|Any CPU
		{11213FAC-4059-4922-93AC-E9DB41D50078}.Debug|x86.ActiveCfg = Debug|Any CPU
		{11213FAC-4059-4922-93AC-E9DB41D50078}.Debug|x86.Build.0 = Debug|Any CPU
		{11213FAC-4059-4922-93AC-E9DB41D50078}.Release|Any CPU.ActiveCfg = Release|Any CPU
		{11213FAC-4059-4922-93AC-E9DB41D50078}.Release|Any CPU.Build.0 = Release|Any CPU
		{11213FAC-4059-4922-93AC-E9DB41D50078}.Release|x64.ActiveCfg = Release|Any CPU
		{11213FAC-4059-4922-93AC-E9DB41D50078}.Release|x64.Build.0 = Release|Any CPU
		{11213FAC-4059-4922-93AC-E9DB41D50078}.Release|x86.ActiveCfg = Release|Any CPU
		{11213FAC-4059-4922-93AC-E9DB41D50078}.Release|x86.Build.0 = Release|Any CPU
		{8CA43DC2-E249-461E-ADAE-D2769B145724}.Debug|Any CPU.ActiveCfg = Debug|Any CPU
		{8CA43DC2-E249-461E-ADAE-D2769B145724}.Debug|Any CPU.Build.0 = Debug|Any CPU
		{8CA43DC2-E249-461E-ADAE-D2769B145724}.Debug|x64.ActiveCfg = Debug|Any CPU
		{8CA43DC2-E249-461E-ADAE-D2769B145724}.Debug|x64.Build.0 = Debug|Any CPU
		{8CA43DC2-E249-461E-ADAE-D2769B145724}.Debug|x86.ActiveCfg = Debug|Any CPU
		{8CA43DC2-E249-461E-ADAE-D2769B145724}.Debug|x86.Build.0 = Debug|Any CPU
		{8CA43DC2-E249-461E-ADAE-D2769B145724}.Release|Any CPU.ActiveCfg = Release|Any CPU
		{8CA43DC2-E249-461E-ADAE-D2769B145724}.Release|Any CPU.Build.0 = Release|Any CPU
		{8CA43DC2-E249-461E-ADAE-D2769B145724}.Release|x64.ActiveCfg = Release|Any CPU
		{8CA43DC2-E249-461E-ADAE-D2769B145724}.Release|x64.Build.0 = Release|Any CPU
		{8CA43DC2-E249-461E-ADAE-D2769B145724}.Release|x86.ActiveCfg = Release|Any CPU
		{8CA43DC2-E249-461E-ADAE-D2769B145724}.Release|x86.Build.0 = Release|Any CPU
		{7E710443-151C-4F50-8169-68F19DFDCBAC}.Debug|Any CPU.ActiveCfg = Debug|Any CPU
		{7E710443-151C-4F50-8169-68F19DFDCBAC}.Debug|Any CPU.Build.0 = Debug|Any CPU
		{7E710443-151C-4F50-8169-68F19DFDCBAC}.Debug|x64.ActiveCfg = Debug|Any CPU
		{7E710443-151C-4F50-8169-68F19DFDCBAC}.Debug|x64.Build.0 = Debug|Any CPU
		{7E710443-151C-4F50-8169-68F19DFDCBAC}.Debug|x86.ActiveCfg = Debug|Any CPU
		{7E710443-151C-4F50-8169-68F19DFDCBAC}.Debug|x86.Build.0 = Debug|Any CPU
		{7E710443-151C-4F50-8169-68F19DFDCBAC}.Release|Any CPU.ActiveCfg = Release|Any CPU
		{7E710443-151C-4F50-8169-68F19DFDCBAC}.Release|Any CPU.Build.0 = Release|Any CPU
		{7E710443-151C-4F50-8169-68F19DFDCBAC}.Release|x64.ActiveCfg = Release|Any CPU
		{7E710443-151C-4F50-8169-68F19DFDCBAC}.Release|x64.Build.0 = Release|Any CPU
		{7E710443-151C-4F50-8169-68F19DFDCBAC}.Release|x86.ActiveCfg = Release|Any CPU
		{7E710443-151C-4F50-8169-68F19DFDCBAC}.Release|x86.Build.0 = Release|Any CPU
	EndGlobalSection
	GlobalSection(SolutionProperties) = preSolution
		HideSolutionNode = FALSE
	EndGlobalSection
	GlobalSection(ExtensibilityGlobals) = postSolution
		SolutionGuid = {2F23B8FF-A01D-4814-8BF9-1EFAF94E28C8}
	EndGlobalSection
EndGlobal
