
Microsoft Visual Studio Solution File, Format Version 12.00
# Visual Studio 15
VisualStudioVersion = 15.0.28010.2019
MinimumVisualStudioVersion = 10.0.40219.1
Project("{9A19103F-16F7-4668-BE54-9A1E7A4F7556}") = "ParallelPatterns.FuzzyMatch", "ParallelPatterns.FuzzyMatch\ParallelPatterns.FuzzyMatch.csproj", "{CAA0C43D-47E6-4950-BD29-F5F6659EFEE8}"
EndProject
Project("{6EC3EE1D-3C4E-46DD-8F32-0CC8E7565705}") = "ParallelPatterns.FuzzyMatch.FSharp", "ParallelPatterns.FuzzyMatch.FSharp\ParallelPatterns.FuzzyMatch.FSharp.fsproj", "{1037550A-34FB-4B49-B04C-8236C554E4C3}"
EndProject
Project("{2150E333-8FDC-42A3-9474-1A3956D46DE8}") = "Data", "Data", "{F697DE9C-6EC9-449A-89DD-CE3F2A733529}"
ProjectSection(SolutionItems) = preProject
	Data\01.txt = Data\01.txt
	Data\02.txt = Data\02.txt
	Data\03.txt = Data\03.txt
	Data\04.txt = Data\04.txt
	Data\05.txt = Data\05.txt
	Data\06.txt = Data\06.txt
	Data\07.txt = Data\07.txt
	Data\08.txt = Data\08.txt
	Data\09.txt = Data\09.txt
	Data\10.txt = Data\10.txt
	Data\11.txt = Data\11.txt
	Data\12.txt = Data\12.txt
	Data\13.txt = Data\13.txt
	Data\14.txt = Data\14.txt
	Data\15.txt = Data\15.txt
	Data\16.txt = Data\16.txt
	Data\17.txt = Data\17.txt
	Data\18.txt = Data\18.txt
	Data\19.txt = Data\19.txt
	Data\20.txt = Data\20.txt
	Data\21.txt = Data\21.txt
	Data\22.txt = Data\22.txt
	Data\negative-words.txt = Data\negative-words.txt
	Data\positive-words.txt = Data\positive-words.txt
EndProjectSection
EndProject
Project("{FAE04EC0-301F-11D3-BF4B-00C04F79EFBC}") = "BencmarkFuzzyMatch", "BencmarkFuzzyMatch\BencmarkFuzzyMatch.csproj", "{800D515C-F79A-45B2-927E-3B345251990F}"
EndProject
Global
	GlobalSection(SolutionConfigurationPlatforms) = preSolution
		Debug|Any CPU = Debug|Any CPU
		Release|Any CPU = Release|Any CPU
	EndGlobalSection
	GlobalSection(ProjectConfigurationPlatforms) = postSolution
		{CAA0C43D-47E6-4950-BD29-F5F6659EFEE8}.Debug|Any CPU.ActiveCfg = Debug|Any CPU
		{CAA0C43D-47E6-4950-BD29-F5F6659EFEE8}.Debug|Any CPU.Build.0 = Debug|Any CPU
		{CAA0C43D-47E6-4950-BD29-F5F6659EFEE8}.Release|Any CPU.ActiveCfg = Release|Any CPU
		{CAA0C43D-47E6-4950-BD29-F5F6659EFEE8}.Release|Any CPU.Build.0 = Release|Any CPU
		{1037550A-34FB-4B49-B04C-8236C554E4C3}.Debug|Any CPU.ActiveCfg = Debug|Any CPU
		{1037550A-34FB-4B49-B04C-8236C554E4C3}.Debug|Any CPU.Build.0 = Debug|Any CPU
		{1037550A-34FB-4B49-B04C-8236C554E4C3}.Release|Any CPU.ActiveCfg = Release|Any CPU
		{1037550A-34FB-4B49-B04C-8236C554E4C3}.Release|Any CPU.Build.0 = Release|Any CPU
		{800D515C-F79A-45B2-927E-3B345251990F}.Debug|Any CPU.ActiveCfg = Debug|Any CPU
		{800D515C-F79A-45B2-927E-3B345251990F}.Debug|Any CPU.Build.0 = Debug|Any CPU
		{800D515C-F79A-45B2-927E-3B345251990F}.Release|Any CPU.ActiveCfg = Release|Any CPU
		{800D515C-F79A-45B2-927E-3B345251990F}.Release|Any CPU.Build.0 = Release|Any CPU
	EndGlobalSection
	GlobalSection(SolutionProperties) = preSolution
		HideSolutionNode = FALSE
	EndGlobalSection
	GlobalSection(ExtensibilityGlobals) = postSolution
		SolutionGuid = {63546FC0-465C-4E47-8A26-A842D7D60AEC}
	EndGlobalSection
EndGlobal
